
Microsoft Visual Studio Solution File, Format Version 12.00
# Visual Studio Version 17
VisualStudioVersion = 17.4.33213.308
MinimumVisualStudioVersion = 10.0.40219.1
Project("{FAE04EC0-301F-11D3-BF4B-00C04F79EFBC}") = "CompositionExercise", "CompositionExercise\CompositionExercise.csproj", "{72F36842-76F6-42B5-9642-B29AD8C6DB94}"
EndProject
Global
	GlobalSection(SolutionConfigurationPlatforms) = preSolution
		Debug|Any CPU = Debug|Any CPU
		Release|Any CPU = Release|Any CPU
	EndGlobalSection
	GlobalSection(ProjectConfigurationPlatforms) = postSolution
		{72F36842-76F6-42B5-9642-B29AD8C6DB94}.Debug|Any CPU.ActiveCfg = Debug|Any CPU
		{72F36842-76F6-42B5-9642-B29AD8C6DB94}.Debug|Any CPU.Build.0 = Debug|Any CPU
		{72F36842-76F6-42B5-9642-B29AD8C6DB94}.Release|Any CPU.ActiveCfg = Release|Any CPU
		{72F36842-76F6-42B5-9642-B29AD8C6DB94}.Release|Any CPU.Build.0 = Release|Any CPU
	EndGlobalSection
	GlobalSection(SolutionProperties) = preSolution
		HideSolutionNode = FALSE
	EndGlobalSection
	GlobalSection(ExtensibilityGlobals) = postSolution
		SolutionGuid = {E88B7F1B-D088-44D4-A9BF-B0FAB9FA378E}
	EndGlobalSection
EndGlobal
